
Microsoft Visual Studio Solution File, Format Version 12.00
# Visual Studio 15
VisualStudioVersion = 15.0.28307.136
MinimumVisualStudioVersion = 10.0.40219.1
Project("{FAE04EC0-301F-11D3-BF4B-00C04F79EFBC}") = "BDD with Selenium and Specflow", "BDD with Selenium and Specflow\BDD with Selenium and Specflow.csproj", "{6B0665D2-2998-4247-B665-8BCF60BAF25A}"
EndProject
Global
	GlobalSection(SolutionConfigurationPlatforms) = preSolution
		Debug|Any CPU = Debug|Any CPU
		Release|Any CPU = Release|Any CPU
	EndGlobalSection
	GlobalSection(ProjectConfigurationPlatforms) = postSolution
		{6B0665D2-2998-4247-B665-8BCF60BAF25A}.Debug|Any CPU.ActiveCfg = Debug|Any CPU
		{6B0665D2-2998-4247-B665-8BCF60BAF25A}.Debug|Any CPU.Build.0 = Debug|Any CPU
		{6B0665D2-2998-4247-B665-8BCF60BAF25A}.Release|Any CPU.ActiveCfg = Release|Any CPU
		{6B0665D2-2998-4247-B665-8BCF60BAF25A}.Release|Any CPU.Build.0 = Release|Any CPU
	EndGlobalSection
	GlobalSection(SolutionProperties) = preSolution
		HideSolutionNode = FALSE
	EndGlobalSection
	GlobalSection(ExtensibilityGlobals) = postSolution
		SolutionGuid = {B8BC94BB-6A25-443D-9A21-E4CCF1B6BF10}
	EndGlobalSection
EndGlobal
